// !$*UTF8*$!
{
	archiveVersion = 1;
	classes = {
	};
	objectVersion = 46;
	objects = {

/* Begin PBXBuildFile section */
		4A8E160545C3018803555D34 /* libPods-AmazonCognitoFacebookAuthentication.a in Frameworks */ = {isa = PBXBuildFile; fileRef = 3D4BF04A8E6B2F8F6D9D4928 /* libPods-AmazonCognitoFacebookAuthentication.a */; };
		6344607B1A580F8F009442DD /* AppDelegate.swift in Sources */ = {isa = PBXBuildFile; fileRef = 6344607A1A580F8F009442DD /* AppDelegate.swift */; };
		6344607D1A580F8F009442DD /* FBLoginViewController.swift in Sources */ = {isa = PBXBuildFile; fileRef = 6344607C1A580F8F009442DD /* FBLoginViewController.swift */; };
		634460801A580F8F009442DD /* Main.storyboard in Resources */ = {isa = PBXBuildFile; fileRef = 6344607E1A580F8F009442DD /* Main.storyboard */; };
		634460821A580F8F009442DD /* Images.xcassets in Resources */ = {isa = PBXBuildFile; fileRef = 634460811A580F8F009442DD /* Images.xcassets */; };
		634460851A580F8F009442DD /* LaunchScreen.xib in Resources */ = {isa = PBXBuildFile; fileRef = 634460831A580F8F009442DD /* LaunchScreen.xib */; };
		634460911A580F8F009442DD /* AmazonCognitoFacebookAuthenticationTests.swift in Sources */ = {isa = PBXBuildFile; fileRef = 634460901A580F8F009442DD /* AmazonCognitoFacebookAuthenticationTests.swift */; };
/* End PBXBuildFile section */

/* Begin PBXContainerItemProxy section */
		6344608B1A580F8F009442DD /* PBXContainerItemProxy */ = {
			isa = PBXContainerItemProxy;
			containerPortal = 6344606D1A580F8F009442DD /* Project object */;
			proxyType = 1;
			remoteGlobalIDString = 634460741A580F8F009442DD;
			remoteInfo = AmazonCognitoFacebookAuthentication;
		};
/* End PBXContainerItemProxy section */

/* Begin PBXFileReference section */
		3BA304048CD786E14A68BDBA /* Pods-AmazonCognitoFacebookAuthentication.debug.xcconfig */ = {isa = PBXFileReference; includeInIndex = 1; lastKnownFileType = text.xcconfig; name = "Pods-AmazonCognitoFacebookAuthentication.debug.xcconfig"; path = "Pods/Target Support Files/Pods-AmazonCognitoFacebookAuthentication/Pods-AmazonCognitoFacebookAuthentication.debug.xcconfig"; sourceTree = "<group>"; };
		3D4BF04A8E6B2F8F6D9D4928 /* libPods-AmazonCognitoFacebookAuthentication.a */ = {isa = PBXFileReference; explicitFileType = archive.ar; includeInIndex = 0; path = "libPods-AmazonCognitoFacebookAuthentication.a"; sourceTree = BUILT_PRODUCTS_DIR; };
		634460751A580F8F009442DD /* AmazonCognitoFacebookAuthentication.app */ = {isa = PBXFileReference; explicitFileType = wrapper.application; includeInIndex = 0; path = AmazonCognitoFacebookAuthentication.app; sourceTree = BUILT_PRODUCTS_DIR; };
		634460791A580F8F009442DD /* Info.plist */ = {isa = PBXFileReference; lastKnownFileType = text.plist.xml; path = Info.plist; sourceTree = "<group>"; };
		6344607A1A580F8F009442DD /* AppDelegate.swift */ = {isa = PBXFileReference; lastKnownFileType = sourcecode.swift; path = AppDelegate.swift; sourceTree = "<group>"; };
		6344607C1A580F8F009442DD /* FBLoginViewController.swift */ = {isa = PBXFileReference; lastKnownFileType = sourcecode.swift; path = FBLoginViewController.swift; sourceTree = "<group>"; };
		6344607F1A580F8F009442DD /* Base */ = {isa = PBXFileReference; lastKnownFileType = file.storyboard; name = Base; path = Base.lproj/Main.storyboard; sourceTree = "<group>"; };
		634460811A580F8F009442DD /* Images.xcassets */ = {isa = PBXFileReference; lastKnownFileType = folder.assetcatalog; path = Images.xcassets; sourceTree = "<group>"; };
		634460841A580F8F009442DD /* Base */ = {isa = PBXFileReference; lastKnownFileType = file.xib; name = Base; path = Base.lproj/LaunchScreen.xib; sourceTree = "<group>"; };
		6344608A1A580F8F009442DD /* AmazonCognitoFacebookAuthenticationTests.xctest */ = {isa = PBXFileReference; explicitFileType = wrapper.cfbundle; includeInIndex = 0; path = AmazonCognitoFacebookAuthenticationTests.xctest; sourceTree = BUILT_PRODUCTS_DIR; };
		6344608F1A580F8F009442DD /* Info.plist */ = {isa = PBXFileReference; lastKnownFileType = text.plist.xml; path = Info.plist; sourceTree = "<group>"; };
		634460901A580F8F009442DD /* AmazonCognitoFacebookAuthenticationTests.swift */ = {isa = PBXFileReference; lastKnownFileType = sourcecode.swift; path = AmazonCognitoFacebookAuthenticationTests.swift; sourceTree = "<group>"; };
		6344609A1A581DEC009442DD /* Bridging-Header.h */ = {isa = PBXFileReference; fileEncoding = 4; lastKnownFileType = sourcecode.c.h; path = "Bridging-Header.h"; sourceTree = "<group>"; };
		A8CE027ABC23E8D8E7527641 /* Pods-AmazonCognitoFacebookAuthentication.release.xcconfig */ = {isa = PBXFileReference; includeInIndex = 1; lastKnownFileType = text.xcconfig; name = "Pods-AmazonCognitoFacebookAuthentication.release.xcconfig"; path = "Pods/Target Support Files/Pods-AmazonCognitoFacebookAuthentication/Pods-AmazonCognitoFacebookAuthentication.release.xcconfig"; sourceTree = "<group>"; };
/* End PBXFileReference section */

/* Begin PBXFrameworksBuildPhase section */
		634460721A580F8F009442DD /* Frameworks */ = {
			isa = PBXFrameworksBuildPhase;
			buildActionMask = 2147483647;
			files = (
				4A8E160545C3018803555D34 /* libPods-AmazonCognitoFacebookAuthentication.a in Frameworks */,
			);
			runOnlyForDeploymentPostprocessing = 0;
		};
		634460871A580F8F009442DD /* Frameworks */ = {
			isa = PBXFrameworksBuildPhase;
			buildActionMask = 2147483647;
			files = (
			);
			runOnlyForDeploymentPostprocessing = 0;
		};
/* End PBXFrameworksBuildPhase section */

/* Begin PBXGroup section */
		6344606C1A580F8F009442DD = {
			isa = PBXGroup;
			children = (
				634460771A580F8F009442DD /* AmazonCognitoFacebookAuthentication */,
				6344608D1A580F8F009442DD /* AmazonCognitoFacebookAuthenticationTests */,
				634460761A580F8F009442DD /* Products */,
				C66828CA2CEA4EDFABD4F87B /* Pods */,
				6E2F8E27F419F98A1BBB52FB /* Frameworks */,
			);
			sourceTree = "<group>";
		};
		634460761A580F8F009442DD /* Products */ = {
			isa = PBXGroup;
			children = (
				634460751A580F8F009442DD /* AmazonCognitoFacebookAuthentication.app */,
				6344608A1A580F8F009442DD /* AmazonCognitoFacebookAuthenticationTests.xctest */,
			);
			name = Products;
			sourceTree = "<group>";
		};
		634460771A580F8F009442DD /* AmazonCognitoFacebookAuthentication */ = {
			isa = PBXGroup;
			children = (
				6344609A1A581DEC009442DD /* Bridging-Header.h */,
				6344607A1A580F8F009442DD /* AppDelegate.swift */,
				6344607C1A580F8F009442DD /* FBLoginViewController.swift */,
				6344607E1A580F8F009442DD /* Main.storyboard */,
				634460811A580F8F009442DD /* Images.xcassets */,
				634460831A580F8F009442DD /* LaunchScreen.xib */,
				634460781A580F8F009442DD /* Supporting Files */,
			);
			path = AmazonCognitoFacebookAuthentication;
			sourceTree = "<group>";
		};
		634460781A580F8F009442DD /* Supporting Files */ = {
			isa = PBXGroup;
			children = (
				634460791A580F8F009442DD /* Info.plist */,
			);
			name = "Supporting Files";
			sourceTree = "<group>";
		};
		6344608D1A580F8F009442DD /* AmazonCognitoFacebookAuthenticationTests */ = {
			isa = PBXGroup;
			children = (
				634460901A580F8F009442DD /* AmazonCognitoFacebookAuthenticationTests.swift */,
				6344608E1A580F8F009442DD /* Supporting Files */,
			);
			path = AmazonCognitoFacebookAuthenticationTests;
			sourceTree = "<group>";
		};
		6344608E1A580F8F009442DD /* Supporting Files */ = {
			isa = PBXGroup;
			children = (
				6344608F1A580F8F009442DD /* Info.plist */,
			);
			name = "Supporting Files";
			sourceTree = "<group>";
		};
		6E2F8E27F419F98A1BBB52FB /* Frameworks */ = {
			isa = PBXGroup;
			children = (
				3D4BF04A8E6B2F8F6D9D4928 /* libPods-AmazonCognitoFacebookAuthentication.a */,
			);
			name = Frameworks;
			sourceTree = "<group>";
		};
		C66828CA2CEA4EDFABD4F87B /* Pods */ = {
			isa = PBXGroup;
			children = (
				3BA304048CD786E14A68BDBA /* Pods-AmazonCognitoFacebookAuthentication.debug.xcconfig */,
				A8CE027ABC23E8D8E7527641 /* Pods-AmazonCognitoFacebookAuthentication.release.xcconfig */,
			);
			name = Pods;
			sourceTree = "<group>";
		};
/* End PBXGroup section */

/* Begin PBXNativeTarget section */
		634460741A580F8F009442DD /* AmazonCognitoFacebookAuthentication */ = {
			isa = PBXNativeTarget;
			buildConfigurationList = 634460941A580F8F009442DD /* Build configuration list for PBXNativeTarget "AmazonCognitoFacebookAuthentication" */;
			buildPhases = (
				BD100F254B115ED51A15A50A /* Check Pods Manifest.lock */,
				634460711A580F8F009442DD /* Sources */,
				634460721A580F8F009442DD /* Frameworks */,
				634460731A580F8F009442DD /* Resources */,
				CE4115EA91F56FA2EEEC3C0F /* Copy Pods Resources */,
			);
			buildRules = (
			);
			dependencies = (
			);
			name = AmazonCognitoFacebookAuthentication;
			productName = AmazonCognitoFacebookAuthentication;
			productReference = 634460751A580F8F009442DD /* AmazonCognitoFacebookAuthentication.app */;
			productType = "com.apple.product-type.application";
		};
		634460891A580F8F009442DD /* AmazonCognitoFacebookAuthenticationTests */ = {
			isa = PBXNativeTarget;
			buildConfigurationList = 634460971A580F8F009442DD /* Build configuration list for PBXNativeTarget "AmazonCognitoFacebookAuthenticationTests" */;
			buildPhases = (
				634460861A580F8F009442DD /* Sources */,
				634460871A580F8F009442DD /* Frameworks */,
				634460881A580F8F009442DD /* Resources */,
			);
			buildRules = (
			);
			dependencies = (
				6344608C1A580F8F009442DD /* PBXTargetDependency */,
			);
			name = AmazonCognitoFacebookAuthenticationTests;
			productName = AmazonCognitoFacebookAuthenticationTests;
			productReference = 6344608A1A580F8F009442DD /* AmazonCognitoFacebookAuthenticationTests.xctest */;
			productType = "com.apple.product-type.bundle.unit-test";
		};
/* End PBXNativeTarget section */

/* Begin PBXProject section */
		6344606D1A580F8F009442DD /* Project object */ = {
			isa = PBXProject;
			attributes = {
				LastUpgradeCheck = 0610;
				ORGANIZATIONNAME = "Grzegorz Tatarzyn";
				TargetAttributes = {
					634460741A580F8F009442DD = {
						CreatedOnToolsVersion = 6.1.1;
					};
					634460891A580F8F009442DD = {
						CreatedOnToolsVersion = 6.1.1;
						TestTargetID = 634460741A580F8F009442DD;
					};
				};
			};
			buildConfigurationList = 634460701A580F8F009442DD /* Build configuration list for PBXProject "AmazonCognitoFacebookAuthentication" */;
			compatibilityVersion = "Xcode 3.2";
			developmentRegion = English;
			hasScannedForEncodings = 0;
			knownRegions = (
				en,
				Base,
			);
			mainGroup = 6344606C1A580F8F009442DD;
			productRefGroup = 634460761A580F8F009442DD /* Products */;
			projectDirPath = "";
			projectRoot = "";
			targets = (
				634460741A580F8F009442DD /* AmazonCognitoFacebookAuthentication */,
				634460891A580F8F009442DD /* AmazonCognitoFacebookAuthenticationTests */,
			);
		};
/* End PBXProject section */

/* Begin PBXResourcesBuildPhase section */
		634460731A580F8F009442DD /* Resources */ = {
			isa = PBXResourcesBuildPhase;
			buildActionMask = 2147483647;
			files = (
				634460801A580F8F009442DD /* Main.storyboard in Resources */,
				634460851A580F8F009442DD /* LaunchScreen.xib in Resources */,
				634460821A580F8F009442DD /* Images.xcassets in Resources */,
			);
			runOnlyForDeploymentPostprocessing = 0;
		};
		634460881A580F8F009442DD /* Resources */ = {
			isa = PBXResourcesBuildPhase;
			buildActionMask = 2147483647;
			files = (
			);
			runOnlyForDeploymentPostprocessing = 0;
		};
/* End PBXResourcesBuildPhase section */

/* Begin PBXShellScriptBuildPhase section */
		BD100F254B115ED51A15A50A /* Check Pods Manifest.lock */ = {
			isa = PBXShellScriptBuildPhase;
			buildActionMask = 2147483647;
			files = (
			);
			inputPaths = (
			);
			name = "Check Pods Manifest.lock";
			outputPaths = (
			);
			runOnlyForDeploymentPostprocessing = 0;
			shellPath = /bin/sh;
			shellScript = "diff \"${PODS_ROOT}/../Podfile.lock\" \"${PODS_ROOT}/Manifest.lock\" > /dev/null\nif [[ $? != 0 ]] ; then\n    cat << EOM\nerror: The sandbox is not in sync with the Podfile.lock. Run 'pod install' or update your CocoaPods installation.\nEOM\n    exit 1\nfi\n";
			showEnvVarsInLog = 0;
		};
		CE4115EA91F56FA2EEEC3C0F /* Copy Pods Resources */ = {
			isa = PBXShellScriptBuildPhase;
			buildActionMask = 2147483647;
			files = (
			);
			inputPaths = (
			);
			name = "Copy Pods Resources";
			outputPaths = (
			);
			runOnlyForDeploymentPostprocessing = 0;
			shellPath = /bin/sh;
			shellScript = "\"${SRCROOT}/Pods/Target Support Files/Pods-AmazonCognitoFacebookAuthentication/Pods-AmazonCognitoFacebookAuthentication-resources.sh\"\n";
			showEnvVarsInLog = 0;
		};
/* End PBXShellScriptBuildPhase section */

/* Begin PBXSourcesBuildPhase section */
		634460711A580F8F009442DD /* Sources */ = {
			isa = PBXSourcesBuildPhase;
			buildActionMask = 2147483647;
			files = (
				6344607D1A580F8F009442DD /* FBLoginViewController.swift in Sources */,
				6344607B1A580F8F009442DD /* AppDelegate.swift in Sources */,
			);
			runOnlyForDeploymentPostprocessing = 0;
		};
		634460861A580F8F009442DD /* Sources */ = {
			isa = PBXSourcesBuildPhase;
			buildActionMask = 2147483647;
			files = (
				634460911A580F8F009442DD /* AmazonCognitoFacebookAuthenticationTests.swift in Sources */,
			);
			runOnlyForDeploymentPostprocessing = 0;
		};
/* End PBXSourcesBuildPhase section */

/* Begin PBXTargetDependency section */
		6344608C1A580F8F009442DD /* PBXTargetDependency */ = {
			isa = PBXTargetDependency;
			target = 634460741A580F8F009442DD /* AmazonCognitoFacebookAuthentication */;
			targetProxy = 6344608B1A580F8F009442DD /* PBXContainerItemProxy */;
		};
/* End PBXTargetDependency section */

/* Begin PBXVariantGroup section */
		6344607E1A580F8F009442DD /* Main.storyboard */ = {
			isa = PBXVariantGroup;
			children = (
				6344607F1A580F8F009442DD /* Base */,
			);
			name = Main.storyboard;
			sourceTree = "<group>";
		};
		634460831A580F8F009442DD /* LaunchScreen.xib */ = {
			isa = PBXVariantGroup;
			children = (
				634460841A580F8F009442DD /* Base */,
			);
			name = LaunchScreen.xib;
			sourceTree = "<group>";
		};
/* End PBXVariantGroup section */

/* Begin XCBuildConfiguration section */
		634460921A580F8F009442DD /* Debug */ = {
			isa = XCBuildConfiguration;
			buildSettings = {
				ALWAYS_SEARCH_USER_PATHS = NO;
				CLANG_CXX_LANGUAGE_STANDARD = "gnu++0x";
				CLANG_CXX_LIBRARY = "libc++";
				CLANG_ENABLE_MODULES = YES;
				CLANG_ENABLE_OBJC_ARC = YES;
				CLANG_WARN_BOOL_CONVERSION = YES;
				CLANG_WARN_CONSTANT_CONVERSION = YES;
				CLANG_WARN_DIRECT_OBJC_ISA_USAGE = YES_ERROR;
				CLANG_WARN_EMPTY_BODY = YES;
				CLANG_WARN_ENUM_CONVERSION = YES;
				CLANG_WARN_INT_CONVERSION = YES;
				CLANG_WARN_OBJC_ROOT_CLASS = YES_ERROR;
				CLANG_WARN_UNREACHABLE_CODE = YES;
				CLANG_WARN__DUPLICATE_METHOD_MATCH = YES;
				"CODE_SIGN_IDENTITY[sdk=iphoneos*]" = "iPhone Developer";
				COPY_PHASE_STRIP = NO;
				ENABLE_STRICT_OBJC_MSGSEND = YES;
				GCC_C_LANGUAGE_STANDARD = gnu99;
				GCC_DYNAMIC_NO_PIC = NO;
				GCC_OPTIMIZATION_LEVEL = 0;
				GCC_PREPROCESSOR_DEFINITIONS = (
					"DEBUG=1",
					"$(inherited)",
				);
				GCC_SYMBOLS_PRIVATE_EXTERN = NO;
				GCC_WARN_64_TO_32_BIT_CONVERSION = YES;
				GCC_WARN_ABOUT_RETURN_TYPE = YES_ERROR;
				GCC_WARN_UNDECLARED_SELECTOR = YES;
				GCC_WARN_UNINITIALIZED_AUTOS = YES_AGGRESSIVE;
				GCC_WARN_UNUSED_FUNCTION = YES;
				GCC_WARN_UNUSED_VARIABLE = YES;
				IPHONEOS_DEPLOYMENT_TARGET = 8.1;
				MTL_ENABLE_DEBUG_INFO = YES;
				ONLY_ACTIVE_ARCH = YES;
				SDKROOT = iphoneos;
				SWIFT_OPTIMIZATION_LEVEL = "-Onone";
				TARGETED_DEVICE_FAMILY = "1,2";
			};
			name = Debug;
		};
		634460931A580F8F009442DD /* Release */ = {
			isa = XCBuildConfiguration;
			buildSettings = {
				ALWAYS_SEARCH_USER_PATHS = NO;
				CLANG_CXX_LANGUAGE_STANDARD = "gnu++0x";
				CLANG_CXX_LIBRARY = "libc++";
				CLANG_ENABLE_MODULES = YES;
				CLANG_ENABLE_OBJC_ARC = YES;
				CLANG_WARN_BOOL_CONVERSION = YES;
				CLANG_WARN_CONSTANT_CONVERSION = YES;
				CLANG_WARN_DIRECT_OBJC_ISA_USAGE = YES_ERROR;
				CLANG_WARN_EMPTY_BODY = YES;
				CLANG_WARN_ENUM_CONVERSION = YES;
				CLANG_WARN_INT_CONVERSION = YES;
				CLANG_WARN_OBJC_ROOT_CLASS = YES_ERROR;
				CLANG_WARN_UNREACHABLE_CODE = YES;
				CLANG_WARN__DUPLICATE_METHOD_MATCH = YES;
				"CODE_SIGN_IDENTITY[sdk=iphoneos*]" = "iPhone Developer";
				COPY_PHASE_STRIP = YES;
				ENABLE_NS_ASSERTIONS = NO;
				ENABLE_STRICT_OBJC_MSGSEND = YES;
				GCC_C_LANGUAGE_STANDARD = gnu99;
				GCC_WARN_64_TO_32_BIT_CONVERSION = YES;
				GCC_WARN_ABOUT_RETURN_TYPE = YES_ERROR;
				GCC_WARN_UNDECLARED_SELECTOR = YES;
				GCC_WARN_UNINITIALIZED_AUTOS = YES_AGGRESSIVE;
				GCC_WARN_UNUSED_FUNCTION = YES;
				GCC_WARN_UNUSED_VARIABLE = YES;
				IPHONEOS_DEPLOYMENT_TARGET = 8.1;
				MTL_ENABLE_DEBUG_INFO = NO;
				SDKROOT = iphoneos;
				TARGETED_DEVICE_FAMILY = "1,2";
				VALIDATE_PRODUCT = YES;
			};
			name = Release;
		};
		634460951A580F8F009442DD /* Debug */ = {
			isa = XCBuildConfiguration;
			baseConfigurationReference = 3BA304048CD786E14A68BDBA /* Pods-AmazonCognitoFacebookAuthentication.debug.xcconfig */;
			buildSettings = {
				ASSETCATALOG_COMPILER_APPICON_NAME = AppIcon;
				INFOPLIST_FILE = AmazonCognitoFacebookAuthentication/Info.plist;
				LD_RUNPATH_SEARCH_PATHS = "$(inherited) @executable_path/Frameworks";
				PRODUCT_NAME = "$(TARGET_NAME)";
				SWIFT_OBJC_BRIDGING_HEADER = "AmazonCognitoFacebookAuthentication/Bridging-Header.h";
			};
			name = Debug;
		};
		634460961A580F8F009442DD /* Release */ = {
			isa = XCBuildConfiguration;
			baseConfigurationReference = A8CE027ABC23E8D8E7527641 /* Pods-AmazonCognitoFacebookAuthentication.release.xcconfig */;
			buildSettings = {
				ASSETCATALOG_COMPILER_APPICON_NAME = AppIcon;
				INFOPLIST_FILE = AmazonCognitoFacebookAuthentication/Info.plist;
				LD_RUNPATH_SEARCH_PATHS = "$(inherited) @executable_path/Frameworks";
				PRODUCT_NAME = "$(TARGET_NAME)";
				SWIFT_OBJC_BRIDGING_HEADER = "AmazonCognitoFacebookAuthentication/Bridging-Header.h";
			};
			name = Release;
		};
		634460981A580F8F009442DD /* Debug */ = {
			isa = XCBuildConfiguration;
			buildSettings = {
				BUNDLE_LOADER = "$(TEST_HOST)";
				FRAMEWORK_SEARCH_PATHS = (
					"$(SDKROOT)/Developer/Library/Frameworks",
					"$(inherited)",
				);
				GCC_PREPROCESSOR_DEFINITIONS = (
					"DEBUG=1",
					"$(inherited)",
				);
				INFOPLIST_FILE = AmazonCognitoFacebookAuthenticationTests/Info.plist;
				LD_RUNPATH_SEARCH_PATHS = "$(inherited) @executable_path/Frameworks @loader_path/Frameworks";
				PRODUCT_NAME = "$(TARGET_NAME)";
				TEST_HOST = "$(BUILT_PRODUCTS_DIR)/AmazonCognitoFacebookAuthentication.app/AmazonCognitoFacebookAuthentication";
			};
			name = Debug;
		};
		634460991A580F8F009442DD /* Release */ = {
			isa = XCBuildConfiguration;
			buildSettings = {
				BUNDLE_LOADER = "$(TEST_HOST)";
				FRAMEWORK_SEARCH_PATHS = (
					"$(SDKROOT)/Developer/Library/Frameworks",
					"$(inherited)",
				);
				INFOPLIST_FILE = AmazonCognitoFacebookAuthenticationTests/Info.plist;
				LD_RUNPATH_SEARCH_PATHS = "$(inherited) @executable_path/Frameworks @loader_path/Frameworks";
				PRODUCT_NAME = "$(TARGET_NAME)";
				TEST_HOST = "$(BUILT_PRODUCTS_DIR)/AmazonCognitoFacebookAuthentication.app/AmazonCognitoFacebookAuthentication";
			};
			name = Release;
		};
/* End XCBuildConfiguration section */

/* Begin XCConfigurationList section */
		634460701A580F8F009442DD /* Build configuration list for PBXProject "AmazonCognitoFacebookAuthentication" */ = {
			isa = XCConfigurationList;
			buildConfigurations = (
				634460921A580F8F009442DD /* Debug */,
				634460931A580F8F009442DD /* Release */,
			);
			defaultConfigurationIsVisible = 0;
			defaultConfigurationName = Release;
		};
		634460941A580F8F009442DD /* Build configuration list for PBXNativeTarget "AmazonCognitoFacebookAuthentication" */ = {
			isa = XCConfigurationList;
			buildConfigurations = (
				634460951A580F8F009442DD /* Debug */,
				634460961A580F8F009442DD /* Release */,
			);
			defaultConfigurationIsVisible = 0;
			defaultConfigurationName = Release;
		};
		634460971A580F8F009442DD /* Build configuration list for PBXNativeTarget "AmazonCognitoFacebookAuthenticationTests" */ = {
			isa = XCConfigurationList;
			buildConfigurations = (
				634460981A580F8F009442DD /* Debug */,
				634460991A580F8F009442DD /* Release */,
			);
			defaultConfigurationIsVisible = 0;
			defaultConfigurationName = Release;
		};
/* End XCConfigurationList section */
	};
	rootObject = 6344606D1A580F8F009442DD /* Project object */;
}
